{
  "name": "tiny-engineer",
  "version": "0.1.1",
  "lockfileVersion": 3,
  "requires": true,
  "packages": {
    "": {
      "name": "tiny-engineer",
      "version": "0.1.1",
      "license": "MIT",
      "bin": {
        "tiny-engineer": "bin/tiny-engineer.js"
      },
      "engines": {
        "node": ">=18"
      }
    }
  }
}
